
Microsoft Visual Studio Solution File, Format Version 12.00
# Visual Studio Version 17
VisualStudioVersion = 17.14.36603.0 d17.14
MinimumVisualStudioVersion = 10.0.40219.1
Project("{FAE04EC0-301F-11D3-BF4B-00C04F79EFBC}") = "QualityOfKitchen", "QualityOfKitchen.csproj", "{251CC641-FEDF-4CB1-BC05-0047A513610C}"
EndProject
Global
	GlobalSection(SolutionConfigurationPlatforms) = preSolution
		Debug|Any CPU = Debug|Any CPU
		Debug|x64 = Debug|x64
		Release|Any CPU = Release|Any CPU
		Release|x64 = Release|x64
	EndGlobalSection
	GlobalSection(ProjectConfigurationPlatforms) = postSolution
		{251CC641-FEDF-4CB1-BC05-0047A513610C}.Debug|Any CPU.ActiveCfg = Debug|Any CPU
		{251CC641-FEDF-4CB1-BC05-0047A513610C}.Debug|Any CPU.Build.0 = Debug|Any CPU
		{251CC641-FEDF-4CB1-BC05-0047A513610C}.Debug|x64.ActiveCfg = Debug|x64
		{251CC641-FEDF-4CB1-BC05-0047A513610C}.Debug|x64.Build.0 = Debug|x64
		{251CC641-FEDF-4CB1-BC05-0047A513610C}.Release|Any CPU.ActiveCfg = Release|Any CPU
		{251CC641-FEDF-4CB1-BC05-0047A513610C}.Release|Any CPU.Build.0 = Release|Any CPU
		{251CC641-FEDF-4CB1-BC05-0047A513610C}.Release|x64.ActiveCfg = Release|x64
		{251CC641-FEDF-4CB1-BC05-0047A513610C}.Release|x64.Build.0 = Release|x64
	EndGlobalSection
	GlobalSection(SolutionProperties) = preSolution
		HideSolutionNode = FALSE
	EndGlobalSection
	GlobalSection(ExtensibilityGlobals) = postSolution
		SolutionGuid = {F9C7C12C-11DC-4B6C-AB52-73E6E5E0CBB8}
	EndGlobalSection
EndGlobal
